// !$*UTF8*$!
{
	archiveVersion = 1;
	classes = {
	};
	objectVersion = 77;
	objects = {

/* Begin PBXBuildFile section */
		E12550C52E501624009BE32A /* WidgetKit.framework in Frameworks */ = {isa = PBXBuildFile; fileRef = E12550C42E501624009BE32A /* WidgetKit.framework */; };
		E12550C72E501624009BE32A /* SwiftUI.framework in Frameworks */ = {isa = PBXBuildFile; fileRef = E12550C62E501624009BE32A /* SwiftUI.framework */; };
		E12550D22E501626009BE32A /* AlarmStacksWidgetExtension.appex in Embed Foundation Extensions */ = {isa = PBXBuildFile; fileRef = E12550C22E501624009BE32A /* AlarmStacksWidgetExtension.appex */; settings = {ATTRIBUTES = (RemoveHeadersOnCopy, ); }; };
/* End PBXBuildFile section */

/* Begin PBXContainerItemProxy section */
		E125508E2E50109B009BE32A /* PBXContainerItemProxy */ = {
			isa = PBXContainerItemProxy;
			containerPortal = E12550762E50108B009BE32A /* Project object */;
			proxyType = 1;
			remoteGlobalIDString = E125507D2E50108B009BE32A;
			remoteInfo = AlarmStacks;
		};
		E12550982E50109B009BE32A /* PBXContainerItemProxy */ = {
			isa = PBXContainerItemProxy;
			containerPortal = E12550762E50108B009BE32A /* Project object */;
			proxyType = 1;
			remoteGlobalIDString = E125507D2E50108B009BE32A;
			remoteInfo = AlarmStacks;
		};
		E12550D02E501626009BE32A /* PBXContainerItemProxy */ = {
			isa = PBXContainerItemProxy;
			containerPortal = E12550762E50108B009BE32A /* Project object */;
			proxyType = 1;
			remoteGlobalIDString = E12550C12E501624009BE32A;
			remoteInfo = AlarmStacksWidgetExtension;
		};
/* End PBXContainerItemProxy section */

/* Begin PBXCopyFilesBuildPhase section */
		E12550D72E501626009BE32A /* Embed Foundation Extensions */ = {
			isa = PBXCopyFilesBuildPhase;
			buildActionMask = 2147483647;
			dstPath = "";
			dstSubfolderSpec = 13;
			files = (
				E12550D22E501626009BE32A /* AlarmStacksWidgetExtension.appex in Embed Foundation Extensions */,
			);
			name = "Embed Foundation Extensions";
			runOnlyForDeploymentPostprocessing = 0;
		};
/* End PBXCopyFilesBuildPhase section */

/* Begin PBXFileReference section */
		E125507E2E50108B009BE32A /* AlarmStacks.app */ = {isa = PBXFileReference; explicitFileType = wrapper.application; includeInIndex = 0; path = AlarmStacks.app; sourceTree = BUILT_PRODUCTS_DIR; };
		E125508D2E50109B009BE32A /* AlarmStacksTests.xctest */ = {isa = PBXFileReference; explicitFileType = wrapper.cfbundle; includeInIndex = 0; path = AlarmStacksTests.xctest; sourceTree = BUILT_PRODUCTS_DIR; };
		E12550972E50109B009BE32A /* AlarmStacksUITests.xctest */ = {isa = PBXFileReference; explicitFileType = wrapper.cfbundle; includeInIndex = 0; path = AlarmStacksUITests.xctest; sourceTree = BUILT_PRODUCTS_DIR; };
		E12550C22E501624009BE32A /* AlarmStacksWidgetExtension.appex */ = {isa = PBXFileReference; explicitFileType = "wrapper.app-extension"; includeInIndex = 0; path = AlarmStacksWidgetExtension.appex; sourceTree = BUILT_PRODUCTS_DIR; };
		E12550C42E501624009BE32A /* WidgetKit.framework */ = {isa = PBXFileReference; lastKnownFileType = wrapper.framework; name = WidgetKit.framework; path = System/Library/Frameworks/WidgetKit.framework; sourceTree = SDKROOT; };
		E12550C62E501624009BE32A /* SwiftUI.framework */ = {isa = PBXFileReference; lastKnownFileType = wrapper.framework; name = SwiftUI.framework; path = System/Library/Frameworks/SwiftUI.framework; sourceTree = SDKROOT; };
/* End PBXFileReference section */

/* Begin PBXFileSystemSynchronizedBuildFileExceptionSet section */
		E12550BD2E501313009BE32A /* Exceptions for "AlarmStacks" folder in "AlarmStacks" target */ = {
			isa = PBXFileSystemSynchronizedBuildFileExceptionSet;
			membershipExceptions = (
				Info.plist,
			);
			target = E125507D2E50108B009BE32A /* AlarmStacks */;
		};
		E12550D62E501626009BE32A /* Exceptions for "AlarmStacksWidget" folder in "AlarmStacksWidgetExtension" target */ = {
			isa = PBXFileSystemSynchronizedBuildFileExceptionSet;
			membershipExceptions = (
				Info.plist,
			);
			target = E12550C12E501624009BE32A /* AlarmStacksWidgetExtension */;
		};
		E125516D2E517E03009BE32A /* Exceptions for "AlarmStacks" folder in "AlarmStacksWidgetExtension" target */ = {
			isa = PBXFileSystemSynchronizedBuildFileExceptionSet;
			membershipExceptions = (
				AlarmControlIntents.swift,
				NextAlarmBridge.swift,
			);
			target = E12550C12E501624009BE32A /* AlarmStacksWidgetExtension */;
		};
		E12551D62E5203C5009BE32A /* Exceptions for "AlarmStacksWidget" folder in "AlarmStacks" target */ = {
			isa = PBXFileSystemSynchronizedBuildFileExceptionSet;
			membershipExceptions = (
				AlarmActivityAttributes.swift,
			);
			target = E125507D2E50108B009BE32A /* AlarmStacks */;
		};
/* End PBXFileSystemSynchronizedBuildFileExceptionSet section */

/* Begin PBXFileSystemSynchronizedRootGroup section */
		E12550802E50108B009BE32A /* AlarmStacks */ = {
			isa = PBXFileSystemSynchronizedRootGroup;
			exceptions = (
				E12550BD2E501313009BE32A /* Exceptions for "AlarmStacks" folder in "AlarmStacks" target */,
				E125516D2E517E03009BE32A /* Exceptions for "AlarmStacks" folder in "AlarmStacksWidgetExtension" target */,
			);
			path = AlarmStacks;
			sourceTree = "<group>";
		};
		E12550902E50109B009BE32A /* AlarmStacksTests */ = {
			isa = PBXFileSystemSynchronizedRootGroup;
			path = AlarmStacksTests;
			sourceTree = "<group>";
		};
		E125509A2E50109B009BE32A /* AlarmStacksUITests */ = {
			isa = PBXFileSystemSynchronizedRootGroup;
			path = AlarmStacksUITests;
			sourceTree = "<group>";
		};
		E12550C82E501624009BE32A /* AlarmStacksWidget */ = {
			isa = PBXFileSystemSynchronizedRootGroup;
			exceptions = (
				E12551D62E5203C5009BE32A /* Exceptions for "AlarmStacksWidget" folder in "AlarmStacks" target */,
				E12550D62E501626009BE32A /* Exceptions for "AlarmStacksWidget" folder in "AlarmStacksWidgetExtension" target */,
			);
			path = AlarmStacksWidget;
			sourceTree = "<group>";
		};
/* End PBXFileSystemSynchronizedRootGroup section */

/* Begin PBXFrameworksBuildPhase section */
		E125507B2E50108B009BE32A /* Frameworks */ = {
			isa = PBXFrameworksBuildPhase;
			buildActionMask = 2147483647;
			files = (
			);
			runOnlyForDeploymentPostprocessing = 0;
		};
		E125508A2E50109B009BE32A /* Frameworks */ = {
			isa = PBXFrameworksBuildPhase;
			buildActionMask = 2147483647;
			files = (
			);
			runOnlyForDeploymentPostprocessing = 0;
		};
		E12550942E50109B009BE32A /* Frameworks */ = {
			isa = PBXFrameworksBuildPhase;
			buildActionMask = 2147483647;
			files = (
			);
			runOnlyForDeploymentPostprocessing = 0;
		};
		E12550BF2E501624009BE32A /* Frameworks */ = {
			isa = PBXFrameworksBuildPhase;
			buildActionMask = 2147483647;
			files = (
				E12550C72E501624009BE32A /* SwiftUI.framework in Frameworks */,
				E12550C52E501624009BE32A /* WidgetKit.framework in Frameworks */,
			);
			runOnlyForDeploymentPostprocessing = 0;
		};
/* End PBXFrameworksBuildPhase section */

/* Begin PBXGroup section */
		E12550752E50108B009BE32A = {
			isa = PBXGroup;
			children = (
				E12550802E50108B009BE32A /* AlarmStacks */,
				E12550902E50109B009BE32A /* AlarmStacksTests */,
				E125509A2E50109B009BE32A /* AlarmStacksUITests */,
				E12550C82E501624009BE32A /* AlarmStacksWidget */,
				E12550C32E501624009BE32A /* Frameworks */,
				E125507F2E50108B009BE32A /* Products */,
			);
			sourceTree = "<group>";
		};
		E125507F2E50108B009BE32A /* Products */ = {
			isa = PBXGroup;
			children = (
				E125507E2E50108B009BE32A /* AlarmStacks.app */,
				E125508D2E50109B009BE32A /* AlarmStacksTests.xctest */,
				E12550972E50109B009BE32A /* AlarmStacksUITests.xctest */,
				E12550C22E501624009BE32A /* AlarmStacksWidgetExtension.appex */,
			);
			name = Products;
			sourceTree = "<group>";
		};
		E12550C32E501624009BE32A /* Frameworks */ = {
			isa = PBXGroup;
			children = (
				E12550C42E501624009BE32A /* WidgetKit.framework */,
				E12550C62E501624009BE32A /* SwiftUI.framework */,
			);
			name = Frameworks;
			sourceTree = "<group>";
		};
/* End PBXGroup section */

/* Begin PBXNativeTarget section */
		E125507D2E50108B009BE32A /* AlarmStacks */ = {
			isa = PBXNativeTarget;
			buildConfigurationList = E12550A12E50109B009BE32A /* Build configuration list for PBXNativeTarget "AlarmStacks" */;
			buildPhases = (
				E125507A2E50108B009BE32A /* Sources */,
				E125507B2E50108B009BE32A /* Frameworks */,
				E125507C2E50108B009BE32A /* Resources */,
				E12550D72E501626009BE32A /* Embed Foundation Extensions */,
			);
			buildRules = (
			);
			dependencies = (
				E12550D12E501626009BE32A /* PBXTargetDependency */,
			);
			fileSystemSynchronizedGroups = (
				E12550802E50108B009BE32A /* AlarmStacks */,
			);
			name = AlarmStacks;
			packageProductDependencies = (
			);
			productName = AlarmStacks;
			productReference = E125507E2E50108B009BE32A /* AlarmStacks.app */;
			productType = "com.apple.product-type.application";
		};
		E125508C2E50109B009BE32A /* AlarmStacksTests */ = {
			isa = PBXNativeTarget;
			buildConfigurationList = E12550A42E50109B009BE32A /* Build configuration list for PBXNativeTarget "AlarmStacksTests" */;
			buildPhases = (
				E12550892E50109B009BE32A /* Sources */,
				E125508A2E50109B009BE32A /* Frameworks */,
				E125508B2E50109B009BE32A /* Resources */,
			);
			buildRules = (
			);
			dependencies = (
				E125508F2E50109B009BE32A /* PBXTargetDependency */,
			);
			fileSystemSynchronizedGroups = (
				E12550902E50109B009BE32A /* AlarmStacksTests */,
			);
			name = AlarmStacksTests;
			packageProductDependencies = (
			);
			productName = AlarmStacksTests;
			productReference = E125508D2E50109B009BE32A /* AlarmStacksTests.xctest */;
			productType = "com.apple.product-type.bundle.unit-test";
		};
		E12550962E50109B009BE32A /* AlarmStacksUITests */ = {
			isa = PBXNativeTarget;
			buildConfigurationList = E12550A72E50109B009BE32A /* Build configuration list for PBXNativeTarget "AlarmStacksUITests" */;
			buildPhases = (
				E12550932E50109B009BE32A /* Sources */,
				E12550942E50109B009BE32A /* Frameworks */,
				E12550952E50109B009BE32A /* Resources */,
			);
			buildRules = (
			);
			dependencies = (
				E12550992E50109B009BE32A /* PBXTargetDependency */,
			);
			fileSystemSynchronizedGroups = (
				E125509A2E50109B009BE32A /* AlarmStacksUITests */,
			);
			name = AlarmStacksUITests;
			packageProductDependencies = (
			);
			productName = AlarmStacksUITests;
			productReference = E12550972E50109B009BE32A /* AlarmStacksUITests.xctest */;
			productType = "com.apple.product-type.bundle.ui-testing";
		};
		E12550C12E501624009BE32A /* AlarmStacksWidgetExtension */ = {
			isa = PBXNativeTarget;
			buildConfigurationList = E12550D32E501626009BE32A /* Build configuration list for PBXNativeTarget "AlarmStacksWidgetExtension" */;
			buildPhases = (
				E12550BE2E501624009BE32A /* Sources */,
				E12550BF2E501624009BE32A /* Frameworks */,
				E12550C02E501624009BE32A /* Resources */,
			);
			buildRules = (
			);
			dependencies = (
			);
			fileSystemSynchronizedGroups = (
				E12550C82E501624009BE32A /* AlarmStacksWidget */,
			);
			name = AlarmStacksWidgetExtension;
			packageProductDependencies = (
			);
			productName = AlarmStacksWidgetExtension;
			productReference = E12550C22E501624009BE32A /* AlarmStacksWidgetExtension.appex */;
			productType = "com.apple.product-type.app-extension";
		};
/* End PBXNativeTarget section */

/* Begin PBXProject section */
		E12550762E50108B009BE32A /* Project object */ = {
			isa = PBXProject;
			attributes = {
				BuildIndependentTargetsInParallel = 1;
				LastSwiftUpdateCheck = 2600;
				LastUpgradeCheck = 2600;
				TargetAttributes = {
					E125507D2E50108B009BE32A = {
						CreatedOnToolsVersion = 26.0;
					};
					E125508C2E50109B009BE32A = {
						CreatedOnToolsVersion = 26.0;
						TestTargetID = E125507D2E50108B009BE32A;
					};
					E12550962E50109B009BE32A = {
						CreatedOnToolsVersion = 26.0;
						TestTargetID = E125507D2E50108B009BE32A;
					};
					E12550C12E501624009BE32A = {
						CreatedOnToolsVersion = 26.0;
					};
				};
			};
			buildConfigurationList = E12550792E50108B009BE32A /* Build configuration list for PBXProject "AlarmStacks" */;
			developmentRegion = en;
			hasScannedForEncodings = 0;
			knownRegions = (
				en,
				Base,
			);
			mainGroup = E12550752E50108B009BE32A;
			minimizedProjectReferenceProxies = 1;
			preferredProjectObjectVersion = 77;
			productRefGroup = E125507F2E50108B009BE32A /* Products */;
			projectDirPath = "";
			projectRoot = "";
			targets = (
				E125507D2E50108B009BE32A /* AlarmStacks */,
				E125508C2E50109B009BE32A /* AlarmStacksTests */,
				E12550962E50109B009BE32A /* AlarmStacksUITests */,
				E12550C12E501624009BE32A /* AlarmStacksWidgetExtension */,
			);
		};
/* End PBXProject section */

/* Begin PBXResourcesBuildPhase section */
		E125507C2E50108B009BE32A /* Resources */ = {
			isa = PBXResourcesBuildPhase;
			buildActionMask = 2147483647;
			files = (
			);
			runOnlyForDeploymentPostprocessing = 0;
		};
		E125508B2E50109B009BE32A /* Resources */ = {
			isa = PBXResourcesBuildPhase;
			buildActionMask = 2147483647;
			files = (
			);
			runOnlyForDeploymentPostprocessing = 0;
		};
		E12550952E50109B009BE32A /* Resources */ = {
			isa = PBXResourcesBuildPhase;
			buildActionMask = 2147483647;
			files = (
			);
			runOnlyForDeploymentPostprocessing = 0;
		};
		E12550C02E501624009BE32A /* Resources */ = {
			isa = PBXResourcesBuildPhase;
			buildActionMask = 2147483647;
			files = (
			);
			runOnlyForDeploymentPostprocessing = 0;
		};
/* End PBXResourcesBuildPhase section */

/* Begin PBXSourcesBuildPhase section */
		E125507A2E50108B009BE32A /* Sources */ = {
			isa = PBXSourcesBuildPhase;
			buildActionMask = 2147483647;
			files = (
			);
			runOnlyForDeploymentPostprocessing = 0;
		};
		E12550892E50109B009BE32A /* Sources */ = {
			isa = PBXSourcesBuildPhase;
			buildActionMask = 2147483647;
			files = (
			);
			runOnlyForDeploymentPostprocessing = 0;
		};
		E12550932E50109B009BE32A /* Sources */ = {
			isa = PBXSourcesBuildPhase;
			buildActionMask = 2147483647;
			files = (
			);
			runOnlyForDeploymentPostprocessing = 0;
		};
		E12550BE2E501624009BE32A /* Sources */ = {
			isa = PBXSourcesBuildPhase;
			buildActionMask = 2147483647;
			files = (
			);
			runOnlyForDeploymentPostprocessing = 0;
		};
/* End PBXSourcesBuildPhase section */

/* Begin PBXTargetDependency section */
		E125508F2E50109B009BE32A /* PBXTargetDependency */ = {
			isa = PBXTargetDependency;
			target = E125507D2E50108B009BE32A /* AlarmStacks */;
			targetProxy = E125508E2E50109B009BE32A /* PBXContainerItemProxy */;
		};
		E12550992E50109B009BE32A /* PBXTargetDependency */ = {
			isa = PBXTargetDependency;
			target = E125507D2E50108B009BE32A /* AlarmStacks */;
			targetProxy = E12550982E50109B009BE32A /* PBXContainerItemProxy */;
		};
		E12550D12E501626009BE32A /* PBXTargetDependency */ = {
			isa = PBXTargetDependency;
			target = E12550C12E501624009BE32A /* AlarmStacksWidgetExtension */;
			targetProxy = E12550D02E501626009BE32A /* PBXContainerItemProxy */;
		};
/* End PBXTargetDependency section */

/* Begin XCBuildConfiguration section */
		E125509F2E50109B009BE32A /* Debug */ = {
			isa = XCBuildConfiguration;
			buildSettings = {
				ALWAYS_SEARCH_USER_PATHS = NO;
				ASSETCATALOG_COMPILER_GENERATE_SWIFT_ASSET_SYMBOL_EXTENSIONS = YES;
				CLANG_ANALYZER_NONNULL = YES;
				CLANG_ANALYZER_NUMBER_OBJECT_CONVERSION = YES_AGGRESSIVE;
				CLANG_CXX_LANGUAGE_STANDARD = "gnu++20";
				CLANG_ENABLE_MODULES = YES;
				CLANG_ENABLE_OBJC_ARC = YES;
				CLANG_ENABLE_OBJC_WEAK = YES;
				CLANG_WARN_BLOCK_CAPTURE_AUTORELEASING = YES;
				CLANG_WARN_BOOL_CONVERSION = YES;
				CLANG_WARN_COMMA = YES;
				CLANG_WARN_CONSTANT_CONVERSION = YES;
				CLANG_WARN_DEPRECATED_OBJC_IMPLEMENTATIONS = YES;
				CLANG_WARN_DIRECT_OBJC_ISA_USAGE = YES_ERROR;
				CLANG_WARN_DOCUMENTATION_COMMENTS = YES;
				CLANG_WARN_EMPTY_BODY = YES;
				CLANG_WARN_ENUM_CONVERSION = YES;
				CLANG_WARN_INFINITE_RECURSION = YES;
				CLANG_WARN_INT_CONVERSION = YES;
				CLANG_WARN_NON_LITERAL_NULL_CONVERSION = YES;
				CLANG_WARN_OBJC_IMPLICIT_RETAIN_SELF = YES;
				CLANG_WARN_OBJC_LITERAL_CONVERSION = YES;
				CLANG_WARN_OBJC_ROOT_CLASS = YES_ERROR;
				CLANG_WARN_QUOTED_INCLUDE_IN_FRAMEWORK_HEADER = YES;
				CLANG_WARN_RANGE_LOOP_ANALYSIS = YES;
				CLANG_WARN_STRICT_PROTOTYPES = YES;
				CLANG_WARN_SUSPICIOUS_MOVE = YES;
				CLANG_WARN_UNGUARDED_AVAILABILITY = YES_AGGRESSIVE;
				CLANG_WARN_UNREACHABLE_CODE = YES;
				CLANG_WARN__DUPLICATE_METHOD_MATCH = YES;
				COPY_PHASE_STRIP = NO;
				DEBUG_INFORMATION_FORMAT = dwarf;
				DEVELOPMENT_TEAM = 92HEPEJ42Z;
				ENABLE_STRICT_OBJC_MSGSEND = YES;
				ENABLE_TESTABILITY = YES;
				ENABLE_USER_SCRIPT_SANDBOXING = YES;
				GCC_C_LANGUAGE_STANDARD = gnu17;
				GCC_DYNAMIC_NO_PIC = NO;
				GCC_NO_COMMON_BLOCKS = YES;
				GCC_OPTIMIZATION_LEVEL = 0;
				GCC_PREPROCESSOR_DEFINITIONS = (
					"DEBUG=1",
					"$(inherited)",
				);
				GCC_WARN_64_TO_32_BIT_CONVERSION = YES;
				GCC_WARN_ABOUT_RETURN_TYPE = YES_ERROR;
				GCC_WARN_UNDECLARED_SELECTOR = YES;
				GCC_WARN_UNINITIALIZED_AUTOS = YES_AGGRESSIVE;
				GCC_WARN_UNUSED_FUNCTION = YES;
				GCC_WARN_UNUSED_VARIABLE = YES;
				IPHONEOS_DEPLOYMENT_TARGET = 26.0;
				LOCALIZATION_PREFERS_STRING_CATALOGS = YES;
				MTL_ENABLE_DEBUG_INFO = INCLUDE_SOURCE;
				MTL_FAST_MATH = YES;
				ONLY_ACTIVE_ARCH = YES;
				SDKROOT = iphoneos;
				SWIFT_ACTIVE_COMPILATION_CONDITIONS = "DEBUG $(inherited)";
				SWIFT_OPTIMIZATION_LEVEL = "-Onone";
			};
			name = Debug;
		};
		E12550A02E50109B009BE32A /* Release */ = {
			isa = XCBuildConfiguration;
			buildSettings = {
				ALWAYS_SEARCH_USER_PATHS = NO;
				ASSETCATALOG_COMPILER_GENERATE_SWIFT_ASSET_SYMBOL_EXTENSIONS = YES;
				CLANG_ANALYZER_NONNULL = YES;
				CLANG_ANALYZER_NUMBER_OBJECT_CONVERSION = YES_AGGRESSIVE;
				CLANG_CXX_LANGUAGE_STANDARD = "gnu++20";
				CLANG_ENABLE_MODULES = YES;
				CLANG_ENABLE_OBJC_ARC = YES;
				CLANG_ENABLE_OBJC_WEAK = YES;
				CLANG_WARN_BLOCK_CAPTURE_AUTORELEASING = YES;
				CLANG_WARN_BOOL_CONVERSION = YES;
				CLANG_WARN_COMMA = YES;
				CLANG_WARN_CONSTANT_CONVERSION = YES;
				CLANG_WARN_DEPRECATED_OBJC_IMPLEMENTATIONS = YES;
				CLANG_WARN_DIRECT_OBJC_ISA_USAGE = YES_ERROR;
				CLANG_WARN_DOCUMENTATION_COMMENTS = YES;
				CLANG_WARN_EMPTY_BODY = YES;
				CLANG_WARN_ENUM_CONVERSION = YES;
				CLANG_WARN_INFINITE_RECURSION = YES;
				CLANG_WARN_INT_CONVERSION = YES;
				CLANG_WARN_NON_LITERAL_NULL_CONVERSION = YES;
				CLANG_WARN_OBJC_IMPLICIT_RETAIN_SELF = YES;
				CLANG_WARN_OBJC_LITERAL_CONVERSION = YES;
				CLANG_WARN_OBJC_ROOT_CLASS = YES_ERROR;
				CLANG_WARN_QUOTED_INCLUDE_IN_FRAMEWORK_HEADER = YES;
				CLANG_WARN_RANGE_LOOP_ANALYSIS = YES;
				CLANG_WARN_STRICT_PROTOTYPES = YES;
				CLANG_WARN_SUSPICIOUS_MOVE = YES;
				CLANG_WARN_UNGUARDED_AVAILABILITY = YES_AGGRESSIVE;
				CLANG_WARN_UNREACHABLE_CODE = YES;
				CLANG_WARN__DUPLICATE_METHOD_MATCH = YES;
				COPY_PHASE_STRIP = NO;
				DEBUG_INFORMATION_FORMAT = "dwarf-with-dsym";
				DEVELOPMENT_TEAM = 92HEPEJ42Z;
				ENABLE_NS_ASSERTIONS = NO;
				ENABLE_STRICT_OBJC_MSGSEND = YES;
				ENABLE_USER_SCRIPT_SANDBOXING = YES;
				GCC_C_LANGUAGE_STANDARD = gnu17;
				GCC_NO_COMMON_BLOCKS = YES;
				GCC_WARN_64_TO_32_BIT_CONVERSION = YES;
				GCC_WARN_ABOUT_RETURN_TYPE = YES_ERROR;
				GCC_WARN_UNDECLARED_SELECTOR = YES;
				GCC_WARN_UNINITIALIZED_AUTOS = YES_AGGRESSIVE;
				GCC_WARN_UNUSED_FUNCTION = YES;
				GCC_WARN_UNUSED_VARIABLE = YES;
				IPHONEOS_DEPLOYMENT_TARGET = 26.0;
				LOCALIZATION_PREFERS_STRING_CATALOGS = YES;
				MTL_ENABLE_DEBUG_INFO = NO;
				MTL_FAST_MATH = YES;
				SDKROOT = iphoneos;
				SWIFT_COMPILATION_MODE = wholemodule;
				VALIDATE_PRODUCT = YES;
			};
			name = Release;
		};
		E12550A22E50109B009BE32A /* Debug */ = {
			isa = XCBuildConfiguration;
			buildSettings = {
				ASSETCATALOG_COMPILER_APPICON_NAME = AppIcon;
				ASSETCATALOG_COMPILER_GLOBAL_ACCENT_COLOR_NAME = AccentColor;
				CODE_SIGN_ENTITLEMENTS = AlarmStacks/AlarmStacks.entitlements;
				CODE_SIGN_STYLE = Automatic;
				CURRENT_PROJECT_VERSION = 1;
				DEVELOPMENT_TEAM = 92HEPEJ42Z;
				ENABLE_PREVIEWS = YES;
				GENERATE_INFOPLIST_FILE = YES;
				INFOPLIST_FILE = AlarmStacks/Info.plist;
				INFOPLIST_KEY_LSApplicationCategoryType = "";
				INFOPLIST_KEY_NSSiriUsageDescription = "AlarmStacks uses Siri so you can start, stop, or snooze your alarm stacks with your voice. Your request may be sent to Apple to process the command.";
				INFOPLIST_KEY_NSSupportsLiveActivities = YES;
				INFOPLIST_KEY_NSSupportsLiveActivitiesFrequentUpdates = YES;
				INFOPLIST_KEY_UIApplicationSceneManifest_Generation = YES;
				INFOPLIST_KEY_UIApplicationSupportsIndirectInputEvents = YES;
				INFOPLIST_KEY_UILaunchScreen_Generation = YES;
				INFOPLIST_KEY_UISupportedInterfaceOrientations_iPad = "UIInterfaceOrientationPortrait UIInterfaceOrientationPortraitUpsideDown UIInterfaceOrientationLandscapeLeft UIInterfaceOrientationLandscapeRight";
				INFOPLIST_KEY_UISupportedInterfaceOrientations_iPhone = "UIInterfaceOrientationPortrait UIInterfaceOrientationLandscapeLeft UIInterfaceOrientationLandscapeRight";
				LD_RUNPATH_SEARCH_PATHS = (
					"$(inherited)",
					"@executable_path/Frameworks",
				);
				MARKETING_VERSION = 1.0;
				PRODUCT_BUNDLE_IDENTIFIER = com.hodlsimulator.AlarmStacks;
				PRODUCT_NAME = "$(TARGET_NAME)";
				STRING_CATALOG_GENERATE_SYMBOLS = YES;
				SWIFT_APPROACHABLE_CONCURRENCY = YES;
				SWIFT_DEFAULT_ACTOR_ISOLATION = MainActor;
				SWIFT_EMIT_LOC_STRINGS = YES;
				SWIFT_UPCOMING_FEATURE_MEMBER_IMPORT_VISIBILITY = YES;
				SWIFT_VERSION = 5.0;
				TARGETED_DEVICE_FAMILY = "1,2";
			};
			name = Debug;
		};
		E12550A32E50109B009BE32A /* Release */ = {
			isa = XCBuildConfiguration;
			buildSettings = {
				ASSETCATALOG_COMPILER_APPICON_NAME = AppIcon;
				ASSETCATALOG_COMPILER_GLOBAL_ACCENT_COLOR_NAME = AccentColor;
				CODE_SIGN_ENTITLEMENTS = AlarmStacks/AlarmStacks.entitlements;
				CODE_SIGN_STYLE = Automatic;
				CURRENT_PROJECT_VERSION = 1;
				DEVELOPMENT_TEAM = 92HEPEJ42Z;
				ENABLE_PREVIEWS = YES;
				GENERATE_INFOPLIST_FILE = YES;
				INFOPLIST_FILE = AlarmStacks/Info.plist;
				INFOPLIST_KEY_LSApplicationCategoryType = "";
				INFOPLIST_KEY_NSSiriUsageDescription = "AlarmStacks uses Siri so you can start, stop, or snooze your alarm stacks with your voice. Your request may be sent to Apple to process the command.";
				INFOPLIST_KEY_NSSupportsLiveActivities = YES;
				INFOPLIST_KEY_NSSupportsLiveActivitiesFrequentUpdates = YES;
				INFOPLIST_KEY_UIApplicationSceneManifest_Generation = YES;
				INFOPLIST_KEY_UIApplicationSupportsIndirectInputEvents = YES;
				INFOPLIST_KEY_UILaunchScreen_Generation = YES;
				INFOPLIST_KEY_UISupportedInterfaceOrientations_iPad = "UIInterfaceOrientationPortrait UIInterfaceOrientationPortraitUpsideDown UIInterfaceOrientationLandscapeLeft UIInterfaceOrientationLandscapeRight";
				INFOPLIST_KEY_UISupportedInterfaceOrientations_iPhone = "UIInterfaceOrientationPortrait UIInterfaceOrientationLandscapeLeft UIInterfaceOrientationLandscapeRight";
				LD_RUNPATH_SEARCH_PATHS = (
					"$(inherited)",
					"@executable_path/Frameworks",
				);
				MARKETING_VERSION = 1.0;
				PRODUCT_BUNDLE_IDENTIFIER = com.hodlsimulator.AlarmStacks;
				PRODUCT_NAME = "$(TARGET_NAME)";
				STRING_CATALOG_GENERATE_SYMBOLS = YES;
				SWIFT_APPROACHABLE_CONCURRENCY = YES;
				SWIFT_DEFAULT_ACTOR_ISOLATION = MainActor;
				SWIFT_EMIT_LOC_STRINGS = YES;
				SWIFT_UPCOMING_FEATURE_MEMBER_IMPORT_VISIBILITY = YES;
				SWIFT_VERSION = 5.0;
				TARGETED_DEVICE_FAMILY = "1,2";
			};
			name = Release;
		};
		E12550A52E50109B009BE32A /* Debug */ = {
			isa = XCBuildConfiguration;
			buildSettings = {
				BUNDLE_LOADER = "$(TEST_HOST)";
				CODE_SIGN_STYLE = Automatic;
				CURRENT_PROJECT_VERSION = 1;
				DEVELOPMENT_TEAM = 92HEPEJ42Z;
				GENERATE_INFOPLIST_FILE = YES;
				IPHONEOS_DEPLOYMENT_TARGET = 26.0;
				MARKETING_VERSION = 1.0;
				PRODUCT_BUNDLE_IDENTIFIER = com.hodlsimulator.AlarmStacksTests;
				PRODUCT_NAME = "$(TARGET_NAME)";
				STRING_CATALOG_GENERATE_SYMBOLS = NO;
				SWIFT_APPROACHABLE_CONCURRENCY = YES;
				SWIFT_EMIT_LOC_STRINGS = NO;
				SWIFT_UPCOMING_FEATURE_MEMBER_IMPORT_VISIBILITY = YES;
				SWIFT_VERSION = 5.0;
				TARGETED_DEVICE_FAMILY = "1,2";
				TEST_HOST = "$(BUILT_PRODUCTS_DIR)/AlarmStacks.app/$(BUNDLE_EXECUTABLE_FOLDER_PATH)/AlarmStacks";
			};
			name = Debug;
		};
		E12550A62E50109B009BE32A /* Release */ = {
			isa = XCBuildConfiguration;
			buildSettings = {
				BUNDLE_LOADER = "$(TEST_HOST)";
				CODE_SIGN_STYLE = Automatic;
				CURRENT_PROJECT_VERSION = 1;
				DEVELOPMENT_TEAM = 92HEPEJ42Z;
				GENERATE_INFOPLIST_FILE = YES;
				IPHONEOS_DEPLOYMENT_TARGET = 26.0;
				MARKETING_VERSION = 1.0;
				PRODUCT_BUNDLE_IDENTIFIER = com.hodlsimulator.AlarmStacksTests;
				PRODUCT_NAME = "$(TARGET_NAME)";
				STRING_CATALOG_GENERATE_SYMBOLS = NO;
				SWIFT_APPROACHABLE_CONCURRENCY = YES;
				SWIFT_EMIT_LOC_STRINGS = NO;
				SWIFT_UPCOMING_FEATURE_MEMBER_IMPORT_VISIBILITY = YES;
				SWIFT_VERSION = 5.0;
				TARGETED_DEVICE_FAMILY = "1,2";
				TEST_HOST = "$(BUILT_PRODUCTS_DIR)/AlarmStacks.app/$(BUNDLE_EXECUTABLE_FOLDER_PATH)/AlarmStacks";
			};
			name = Release;
		};
		E12550A82E50109B009BE32A /* Debug */ = {
			isa = XCBuildConfiguration;
			buildSettings = {
				CODE_SIGN_STYLE = Automatic;
				CURRENT_PROJECT_VERSION = 1;
				DEVELOPMENT_TEAM = 92HEPEJ42Z;
				GENERATE_INFOPLIST_FILE = YES;
				MARKETING_VERSION = 1.0;
				PRODUCT_BUNDLE_IDENTIFIER = com.hodlsimulator.AlarmStacksUITests;
				PRODUCT_NAME = "$(TARGET_NAME)";
				STRING_CATALOG_GENERATE_SYMBOLS = NO;
				SWIFT_APPROACHABLE_CONCURRENCY = YES;
				SWIFT_EMIT_LOC_STRINGS = NO;
				SWIFT_UPCOMING_FEATURE_MEMBER_IMPORT_VISIBILITY = YES;
				SWIFT_VERSION = 5.0;
				TARGETED_DEVICE_FAMILY = "1,2";
				TEST_TARGET_NAME = AlarmStacks;
			};
			name = Debug;
		};
		E12550A92E50109B009BE32A /* Release */ = {
			isa = XCBuildConfiguration;
			buildSettings = {
				CODE_SIGN_STYLE = Automatic;
				CURRENT_PROJECT_VERSION = 1;
				DEVELOPMENT_TEAM = 92HEPEJ42Z;
				GENERATE_INFOPLIST_FILE = YES;
				MARKETING_VERSION = 1.0;
				PRODUCT_BUNDLE_IDENTIFIER = com.hodlsimulator.AlarmStacksUITests;
				PRODUCT_NAME = "$(TARGET_NAME)";
				STRING_CATALOG_GENERATE_SYMBOLS = NO;
				SWIFT_APPROACHABLE_CONCURRENCY = YES;
				SWIFT_EMIT_LOC_STRINGS = NO;
				SWIFT_UPCOMING_FEATURE_MEMBER_IMPORT_VISIBILITY = YES;
				SWIFT_VERSION = 5.0;
				TARGETED_DEVICE_FAMILY = "1,2";
				TEST_TARGET_NAME = AlarmStacks;
			};
			name = Release;
		};
		E12550D42E501626009BE32A /* Debug */ = {
			isa = XCBuildConfiguration;
			buildSettings = {
				ASSETCATALOG_COMPILER_GLOBAL_ACCENT_COLOR_NAME = AccentColor;
				ASSETCATALOG_COMPILER_WIDGET_BACKGROUND_COLOR_NAME = WidgetBackground;
				CODE_SIGN_ENTITLEMENTS = AlarmStacksWidget/AlarmStacksWidget.entitlements;
				CODE_SIGN_STYLE = Automatic;
				CURRENT_PROJECT_VERSION = 1;
				DEVELOPMENT_TEAM = 92HEPEJ42Z;
				GENERATE_INFOPLIST_FILE = YES;
				INFOPLIST_FILE = AlarmStacksWidget/Info.plist;
				INFOPLIST_KEY_CFBundleDisplayName = AlarmStacksWidget;
				INFOPLIST_KEY_NSHumanReadableCopyright = "";
				LD_RUNPATH_SEARCH_PATHS = (
					"$(inherited)",
					"@executable_path/Frameworks",
					"@executable_path/../../Frameworks",
				);
				MARKETING_VERSION = 1.0;
				PRODUCT_BUNDLE_IDENTIFIER = com.hodlsimulator.AlarmStacks.AlarmStacksWidget;
				PRODUCT_NAME = "$(TARGET_NAME)";
				SKIP_INSTALL = YES;
				STRING_CATALOG_GENERATE_SYMBOLS = YES;
				SWIFT_APPROACHABLE_CONCURRENCY = YES;
				SWIFT_EMIT_LOC_STRINGS = YES;
				SWIFT_UPCOMING_FEATURE_MEMBER_IMPORT_VISIBILITY = YES;
				SWIFT_VERSION = 5.0;
				TARGETED_DEVICE_FAMILY = "1,2";
			};
			name = Debug;
		};
		E12550D52E501626009BE32A /* Release */ = {
			isa = XCBuildConfiguration;
			buildSettings = {
				ASSETCATALOG_COMPILER_GLOBAL_ACCENT_COLOR_NAME = AccentColor;
				ASSETCATALOG_COMPILER_WIDGET_BACKGROUND_COLOR_NAME = WidgetBackground;
				CODE_SIGN_ENTITLEMENTS = AlarmStacksWidget/AlarmStacksWidget.entitlements;
				CODE_SIGN_STYLE = Automatic;
				CURRENT_PROJECT_VERSION = 1;
				DEVELOPMENT_TEAM = 92HEPEJ42Z;
				GENERATE_INFOPLIST_FILE = YES;
				INFOPLIST_FILE = AlarmStacksWidget/Info.plist;
				INFOPLIST_KEY_CFBundleDisplayName = AlarmStacksWidget;
				INFOPLIST_KEY_NSHumanReadableCopyright = "";
				LD_RUNPATH_SEARCH_PATHS = (
					"$(inherited)",
					"@executable_path/Frameworks",
					"@executable_path/../../Frameworks",
				);
				MARKETING_VERSION = 1.0;
				PRODUCT_BUNDLE_IDENTIFIER = com.hodlsimulator.AlarmStacks.AlarmStacksWidget;
				PRODUCT_NAME = "$(TARGET_NAME)";
				SKIP_INSTALL = YES;
				STRING_CATALOG_GENERATE_SYMBOLS = YES;
				SWIFT_APPROACHABLE_CONCURRENCY = YES;
				SWIFT_EMIT_LOC_STRINGS = YES;
				SWIFT_UPCOMING_FEATURE_MEMBER_IMPORT_VISIBILITY = YES;
				SWIFT_VERSION = 5.0;
				TARGETED_DEVICE_FAMILY = "1,2";
			};
			name = Release;
		};
/* End XCBuildConfiguration section */

/* Begin XCConfigurationList section */
		E12550792E50108B009BE32A /* Build configuration list for PBXProject "AlarmStacks" */ = {
			isa = XCConfigurationList;
			buildConfigurations = (
				E125509F2E50109B009BE32A /* Debug */,
				E12550A02E50109B009BE32A /* Release */,
			);
			defaultConfigurationIsVisible = 0;
			defaultConfigurationName = Release;
		};
		E12550A12E50109B009BE32A /* Build configuration list for PBXNativeTarget "AlarmStacks" */ = {
			isa = XCConfigurationList;
			buildConfigurations = (
				E12550A22E50109B009BE32A /* Debug */,
				E12550A32E50109B009BE32A /* Release */,
			);
			defaultConfigurationIsVisible = 0;
			defaultConfigurationName = Release;
		};
		E12550A42E50109B009BE32A /* Build configuration list for PBXNativeTarget "AlarmStacksTests" */ = {
			isa = XCConfigurationList;
			buildConfigurations = (
				E12550A52E50109B009BE32A /* Debug */,
				E12550A62E50109B009BE32A /* Release */,
			);
			defaultConfigurationIsVisible = 0;
			defaultConfigurationName = Release;
		};
		E12550A72E50109B009BE32A /* Build configuration list for PBXNativeTarget "AlarmStacksUITests" */ = {
			isa = XCConfigurationList;
			buildConfigurations = (
				E12550A82E50109B009BE32A /* Debug */,
				E12550A92E50109B009BE32A /* Release */,
			);
			defaultConfigurationIsVisible = 0;
			defaultConfigurationName = Release;
		};
		E12550D32E501626009BE32A /* Build configuration list for PBXNativeTarget "AlarmStacksWidgetExtension" */ = {
			isa = XCConfigurationList;
			buildConfigurations = (
				E12550D42E501626009BE32A /* Debug */,
				E12550D52E501626009BE32A /* Release */,
			);
			defaultConfigurationIsVisible = 0;
			defaultConfigurationName = Release;
		};
/* End XCConfigurationList section */
	};
	rootObject = E12550762E50108B009BE32A /* Project object */;
}
